{
  "name": "@zhouhao4221/devflow-skills",
  "version": "0.3.3",
  "lockfileVersion": 3,
  "requires": true,
  "packages": {
    "": {
      "name": "@zhouhao4221/devflow-skills",
      "version": "0.3.3",
      "license": "Apache-2.0",
      "bin": {
        "devflow-skills": "install.js"
      }
    }
  }
}
